
Microsoft Visual Studio Solution File, Format Version 12.00
# Visual Studio Version 16
VisualStudioVersion = 16.0.30523.141
MinimumVisualStudioVersion = 10.0.40219.1
Project("{FAE04EC0-301F-11D3-BF4B-00C04F79EFBC}") = "recursion-and-stack", "recursion-and-stack\recursion-and-stack.csproj", "{E178E928-0F0A-482B-BD6F-09FC73AD5B44}"
EndProject
Global
	GlobalSection(SolutionConfigurationPlatforms) = preSolution
		Debug|Any CPU = Debug|Any CPU
		Release|Any CPU = Release|Any CPU
	EndGlobalSection
	GlobalSection(ProjectConfigurationPlatforms) = postSolution
		{E178E928-0F0A-482B-BD6F-09FC73AD5B44}.Debug|Any CPU.ActiveCfg = Debug|Any CPU
		{E178E928-0F0A-482B-BD6F-09FC73AD5B44}.Debug|Any CPU.Build.0 = Debug|Any CPU
		{E178E928-0F0A-482B-BD6F-09FC73AD5B44}.Release|Any CPU.ActiveCfg = Release|Any CPU
		{E178E928-0F0A-482B-BD6F-09FC73AD5B44}.Release|Any CPU.Build.0 = Release|Any CPU
	EndGlobalSection
	GlobalSection(SolutionProperties) = preSolution
		HideSolutionNode = FALSE
	EndGlobalSection
	GlobalSection(ExtensibilityGlobals) = postSolution
		SolutionGuid = {BD6F6D77-1222-42EB-8084-A96243795FAA}
	EndGlobalSection
EndGlobal
