
Microsoft Visual Studio Solution File, Format Version 12.00
# Visual Studio Version 16
VisualStudioVersion = 16.0.30523.141
MinimumVisualStudioVersion = 10.0.40219.1
Project("{FAE04EC0-301F-11D3-BF4B-00C04F79EFBC}") = "priority-queue", "priority-queue\priority-queue.csproj", "{C20564C6-A3B6-4722-AC64-537892B3CCC8}"
EndProject
Global
	GlobalSection(SolutionConfigurationPlatforms) = preSolution
		Debug|Any CPU = Debug|Any CPU
		Release|Any CPU = Release|Any CPU
	EndGlobalSection
	GlobalSection(ProjectConfigurationPlatforms) = postSolution
		{C20564C6-A3B6-4722-AC64-537892B3CCC8}.Debug|Any CPU.ActiveCfg = Debug|Any CPU
		{C20564C6-A3B6-4722-AC64-537892B3CCC8}.Debug|Any CPU.Build.0 = Debug|Any CPU
		{C20564C6-A3B6-4722-AC64-537892B3CCC8}.Release|Any CPU.ActiveCfg = Release|Any CPU
		{C20564C6-A3B6-4722-AC64-537892B3CCC8}.Release|Any CPU.Build.0 = Release|Any CPU
	EndGlobalSection
	GlobalSection(SolutionProperties) = preSolution
		HideSolutionNode = FALSE
	EndGlobalSection
	GlobalSection(ExtensibilityGlobals) = postSolution
		SolutionGuid = {B1B3AB73-73D6-452B-BE80-4D37F8438353}
	EndGlobalSection
EndGlobal
