
Microsoft Visual Studio Solution File, Format Version 12.00
# Visual Studio Version 16
VisualStudioVersion = 16.0.30523.141
MinimumVisualStudioVersion = 10.0.40219.1
Project("{FAE04EC0-301F-11D3-BF4B-00C04F79EFBC}") = "priority-queue", "priority-queue\priority-queue.csproj", "{3BF0EBA3-AA95-4A78-97AE-89CAEBA8A10B}"
EndProject
Global
	GlobalSection(SolutionConfigurationPlatforms) = preSolution
		Debug|Any CPU = Debug|Any CPU
		Release|Any CPU = Release|Any CPU
	EndGlobalSection
	GlobalSection(ProjectConfigurationPlatforms) = postSolution
		{3BF0EBA3-AA95-4A78-97AE-89CAEBA8A10B}.Debug|Any CPU.ActiveCfg = Debug|Any CPU
		{3BF0EBA3-AA95-4A78-97AE-89CAEBA8A10B}.Debug|Any CPU.Build.0 = Debug|Any CPU
		{3BF0EBA3-AA95-4A78-97AE-89CAEBA8A10B}.Release|Any CPU.ActiveCfg = Release|Any CPU
		{3BF0EBA3-AA95-4A78-97AE-89CAEBA8A10B}.Release|Any CPU.Build.0 = Release|Any CPU
	EndGlobalSection
	GlobalSection(SolutionProperties) = preSolution
		HideSolutionNode = FALSE
	EndGlobalSection
	GlobalSection(ExtensibilityGlobals) = postSolution
		SolutionGuid = {4106F54D-EB1C-4377-85E9-074204D50AC0}
	EndGlobalSection
EndGlobal
