
Microsoft Visual Studio Solution File, Format Version 12.00
# Visual Studio Version 16
VisualStudioVersion = 16.0.30523.141
MinimumVisualStudioVersion = 10.0.40219.1
Project("{FAE04EC0-301F-11D3-BF4B-00C04F79EFBC}") = "greedy-and-fractional", "greedy-and-fractional\greedy-and-fractional.csproj", "{6E9FB064-B5D0-4372-8309-E00D98862DD7}"
EndProject
Global
	GlobalSection(SolutionConfigurationPlatforms) = preSolution
		Debug|Any CPU = Debug|Any CPU
		Release|Any CPU = Release|Any CPU
	EndGlobalSection
	GlobalSection(ProjectConfigurationPlatforms) = postSolution
		{6E9FB064-B5D0-4372-8309-E00D98862DD7}.Debug|Any CPU.ActiveCfg = Debug|Any CPU
		{6E9FB064-B5D0-4372-8309-E00D98862DD7}.Debug|Any CPU.Build.0 = Debug|Any CPU
		{6E9FB064-B5D0-4372-8309-E00D98862DD7}.Release|Any CPU.ActiveCfg = Release|Any CPU
		{6E9FB064-B5D0-4372-8309-E00D98862DD7}.Release|Any CPU.Build.0 = Release|Any CPU
	EndGlobalSection
	GlobalSection(SolutionProperties) = preSolution
		HideSolutionNode = FALSE
	EndGlobalSection
	GlobalSection(ExtensibilityGlobals) = postSolution
		SolutionGuid = {F770B02D-CB05-455E-962E-DED15FA67AD7}
	EndGlobalSection
EndGlobal
