
Microsoft Visual Studio Solution File, Format Version 12.00
# Visual Studio Version 16
VisualStudioVersion = 16.0.30523.141
MinimumVisualStudioVersion = 10.0.40219.1
Project("{FAE04EC0-301F-11D3-BF4B-00C04F79EFBC}") = "decisions-and-primes", "decisions-and-primes\decisions-and-primes.csproj", "{38331AF0-B067-4B50-8157-9612F1E79062}"
EndProject
Global
	GlobalSection(SolutionConfigurationPlatforms) = preSolution
		Debug|Any CPU = Debug|Any CPU
		Release|Any CPU = Release|Any CPU
	EndGlobalSection
	GlobalSection(ProjectConfigurationPlatforms) = postSolution
		{38331AF0-B067-4B50-8157-9612F1E79062}.Debug|Any CPU.ActiveCfg = Debug|Any CPU
		{38331AF0-B067-4B50-8157-9612F1E79062}.Debug|Any CPU.Build.0 = Debug|Any CPU
		{38331AF0-B067-4B50-8157-9612F1E79062}.Release|Any CPU.ActiveCfg = Release|Any CPU
		{38331AF0-B067-4B50-8157-9612F1E79062}.Release|Any CPU.Build.0 = Release|Any CPU
	EndGlobalSection
	GlobalSection(SolutionProperties) = preSolution
		HideSolutionNode = FALSE
	EndGlobalSection
	GlobalSection(ExtensibilityGlobals) = postSolution
		SolutionGuid = {EDB59AD9-1690-434B-BBFF-806CF787E9C1}
	EndGlobalSection
EndGlobal
