
Microsoft Visual Studio Solution File, Format Version 12.00
# Visual Studio Version 16
VisualStudioVersion = 16.0.30523.141
MinimumVisualStudioVersion = 10.0.40219.1
Project("{FAE04EC0-301F-11D3-BF4B-00C04F79EFBC}") = "linked-lists", "linked-lists\linked-lists.csproj", "{BB599C9A-ED53-4872-9018-E8EECC88D430}"
EndProject
Global
	GlobalSection(SolutionConfigurationPlatforms) = preSolution
		Debug|Any CPU = Debug|Any CPU
		Release|Any CPU = Release|Any CPU
	EndGlobalSection
	GlobalSection(ProjectConfigurationPlatforms) = postSolution
		{BB599C9A-ED53-4872-9018-E8EECC88D430}.Debug|Any CPU.ActiveCfg = Debug|Any CPU
		{BB599C9A-ED53-4872-9018-E8EECC88D430}.Debug|Any CPU.Build.0 = Debug|Any CPU
		{BB599C9A-ED53-4872-9018-E8EECC88D430}.Release|Any CPU.ActiveCfg = Release|Any CPU
		{BB599C9A-ED53-4872-9018-E8EECC88D430}.Release|Any CPU.Build.0 = Release|Any CPU
	EndGlobalSection
	GlobalSection(SolutionProperties) = preSolution
		HideSolutionNode = FALSE
	EndGlobalSection
	GlobalSection(ExtensibilityGlobals) = postSolution
		SolutionGuid = {EE938518-674F-43CF-AA14-FEDC469916F9}
	EndGlobalSection
EndGlobal
